
Microsoft Visual Studio Solution File, Format Version 12.00
# Visual Studio Version 17
VisualStudioVersion = 17.0.31903.59
MinimumVisualStudioVersion = 10.0.40219.1
Project("{2150E333-8FDC-42A3-9474-1A3956D46DE8}") = "src", "src", "{3852814A-6C28-4D39-A11B-AB07632147F3}"
EndProject
Project("{FAE04EC0-301F-11D3-BF4B-00C04F79EFBC}") = "GobanSource.Bus.Redis", "src\GobanSource.Bus.Redis\GobanSource.Bus.Redis.csproj", "{F5750AD8-8A82-414F-9AD1-4691A36EE5D8}"
EndProject
Project("{FAE04EC0-301F-11D3-BF4B-00C04F79EFBC}") = "GobanSource.Bus.Redis.Tests", "src\GobanSource.Bus.Redis.Tests\GobanSource.Bus.Redis.Tests.csproj", "{1E748ACB-AFD4-4ED7-A213-254B760CA85B}"
EndProject
Project("{FAE04EC0-301F-11D3-BF4B-00C04F79EFBC}") = "GobanSource.Bus.Redis.Example", "src\GobanSource.Bus.Redis.Example\GobanSource.Bus.Redis.Example.csproj", "{5960D36F-6789-4E69-A2C9-3E85851FDE73}"
EndProject
Global
	GlobalSection(SolutionConfigurationPlatforms) = preSolution
		Debug|Any CPU = Debug|Any CPU
		Release|Any CPU = Release|Any CPU
	EndGlobalSection
	GlobalSection(SolutionProperties) = preSolution
		HideSolutionNode = FALSE
	EndGlobalSection
	GlobalSection(ProjectConfigurationPlatforms) = postSolution
		{F5750AD8-8A82-414F-9AD1-4691A36EE5D8}.Debug|Any CPU.ActiveCfg = Debug|Any CPU
		{F5750AD8-8A82-414F-9AD1-4691A36EE5D8}.Debug|Any CPU.Build.0 = Debug|Any CPU
		{F5750AD8-8A82-414F-9AD1-4691A36EE5D8}.Release|Any CPU.ActiveCfg = Release|Any CPU
		{F5750AD8-8A82-414F-9AD1-4691A36EE5D8}.Release|Any CPU.Build.0 = Release|Any CPU
		{1E748ACB-AFD4-4ED7-A213-254B760CA85B}.Debug|Any CPU.ActiveCfg = Debug|Any CPU
		{1E748ACB-AFD4-4ED7-A213-254B760CA85B}.Debug|Any CPU.Build.0 = Debug|Any CPU
		{1E748ACB-AFD4-4ED7-A213-254B760CA85B}.Release|Any CPU.ActiveCfg = Release|Any CPU
		{1E748ACB-AFD4-4ED7-A213-254B760CA85B}.Release|Any CPU.Build.0 = Release|Any CPU
		{5960D36F-6789-4E69-A2C9-3E85851FDE73}.Debug|Any CPU.ActiveCfg = Debug|Any CPU
		{5960D36F-6789-4E69-A2C9-3E85851FDE73}.Debug|Any CPU.Build.0 = Debug|Any CPU
		{5960D36F-6789-4E69-A2C9-3E85851FDE73}.Release|Any CPU.ActiveCfg = Release|Any CPU
		{5960D36F-6789-4E69-A2C9-3E85851FDE73}.Release|Any CPU.Build.0 = Release|Any CPU
	EndGlobalSection
	GlobalSection(NestedProjects) = preSolution
		{F5750AD8-8A82-414F-9AD1-4691A36EE5D8} = {3852814A-6C28-4D39-A11B-AB07632147F3}
		{1E748ACB-AFD4-4ED7-A213-254B760CA85B} = {3852814A-6C28-4D39-A11B-AB07632147F3}
		{5960D36F-6789-4E69-A2C9-3E85851FDE73} = {3852814A-6C28-4D39-A11B-AB07632147F3}
	EndGlobalSection
EndGlobal
